
Microsoft Visual Studio Solution File, Format Version 12.00
# Visual Studio 14
VisualStudioVersion = 14.0.25420.1
MinimumVisualStudioVersion = 10.0.40219.1
Project("{FAE04EC0-301F-11D3-BF4B-00C04F79EFBC}") = "BenhVien", "BenhVien\BenhVien.csproj", "{BA44A023-2F3E-4945-842B-94854B10635C}"
EndProject
Project("{FAE04EC0-301F-11D3-BF4B-00C04F79EFBC}") = "WCF.BussinessObject", "ModelBenhVien\WCF.BussinessObject.csproj", "{40C727FE-3262-48CE-904C-A54B38B3BCF4}"
EndProject
Project("{FAE04EC0-301F-11D3-BF4B-00C04F79EFBC}") = "DataAccessLayer", "DataBenhVien\DataAccessLayer.csproj", "{CBEF6BDE-6878-449A-80FF-27471CB037A1}"
EndProject
Project("{FAE04EC0-301F-11D3-BF4B-00C04F79EFBC}") = "WCF.BussinessController", "WCF.BussinessController\WCF.BussinessController.csproj", "{C4BFCF82-7EC7-4532-B4FA-195216318237}"
EndProject
Global
	GlobalSection(SolutionConfigurationPlatforms) = preSolution
		Debug|Any CPU = Debug|Any CPU
		Release|Any CPU = Release|Any CPU
	EndGlobalSection
	GlobalSection(ProjectConfigurationPlatforms) = postSolution
		{BA44A023-2F3E-4945-842B-94854B10635C}.Debug|Any CPU.ActiveCfg = Debug|Any CPU
		{BA44A023-2F3E-4945-842B-94854B10635C}.Debug|Any CPU.Build.0 = Debug|Any CPU
		{BA44A023-2F3E-4945-842B-94854B10635C}.Release|Any CPU.ActiveCfg = Release|Any CPU
		{BA44A023-2F3E-4945-842B-94854B10635C}.Release|Any CPU.Build.0 = Release|Any CPU
		{40C727FE-3262-48CE-904C-A54B38B3BCF4}.Debug|Any CPU.ActiveCfg = Debug|Any CPU
		{40C727FE-3262-48CE-904C-A54B38B3BCF4}.Debug|Any CPU.Build.0 = Debug|Any CPU
		{40C727FE-3262-48CE-904C-A54B38B3BCF4}.Release|Any CPU.ActiveCfg = Release|Any CPU
		{40C727FE-3262-48CE-904C-A54B38B3BCF4}.Release|Any CPU.Build.0 = Release|Any CPU
		{CBEF6BDE-6878-449A-80FF-27471CB037A1}.Debug|Any CPU.ActiveCfg = Debug|Any CPU
		{CBEF6BDE-6878-449A-80FF-27471CB037A1}.Debug|Any CPU.Build.0 = Debug|Any CPU
		{CBEF6BDE-6878-449A-80FF-27471CB037A1}.Release|Any CPU.ActiveCfg = Release|Any CPU
		{CBEF6BDE-6878-449A-80FF-27471CB037A1}.Release|Any CPU.Build.0 = Release|Any CPU
		{C4BFCF82-7EC7-4532-B4FA-195216318237}.Debug|Any CPU.ActiveCfg = Debug|Any CPU
		{C4BFCF82-7EC7-4532-B4FA-195216318237}.Debug|Any CPU.Build.0 = Debug|Any CPU
		{C4BFCF82-7EC7-4532-B4FA-195216318237}.Release|Any CPU.ActiveCfg = Release|Any CPU
		{C4BFCF82-7EC7-4532-B4FA-195216318237}.Release|Any CPU.Build.0 = Release|Any CPU
	EndGlobalSection
	GlobalSection(SolutionProperties) = preSolution
		HideSolutionNode = FALSE
	EndGlobalSection
EndGlobal
